// !$*UTF8*$!
{
	archiveVersion = 1;
	classes = {
	};
	objectVersion = 46;
	objects = {

/* Begin PBXBuildFile section */
		7D57473519A4E78C001A1418 /* Foundation.framework in Frameworks */ = {isa = PBXBuildFile; fileRef = 7D57473419A4E78C001A1418 /* Foundation.framework */; };
		7D57473719A4E78C001A1418 /* CoreGraphics.framework in Frameworks */ = {isa = PBXBuildFile; fileRef = 7D57473619A4E78C001A1418 /* CoreGraphics.framework */; };
		7D57473919A4E78C001A1418 /* UIKit.framework in Frameworks */ = {isa = PBXBuildFile; fileRef = 7D57473819A4E78C001A1418 /* UIKit.framework */; };
		7D57473F19A4E78C001A1418 /* InfoPlist.strings in Resources */ = {isa = PBXBuildFile; fileRef = 7D57473D19A4E78C001A1418 /* InfoPlist.strings */; };
		7D57474119A4E78C001A1418 /* main.m in Sources */ = {isa = PBXBuildFile; fileRef = 7D57474019A4E78C001A1418 /* main.m */; };
		7D57474519A4E78C001A1418 /* ZWAppDelegate.m in Sources */ = {isa = PBXBuildFile; fileRef = 7D57474419A4E78C001A1418 /* ZWAppDelegate.m */; };
		7D57474819A4E78C001A1418 /* Main_iPhone.storyboard in Resources */ = {isa = PBXBuildFile; fileRef = 7D57474619A4E78C001A1418 /* Main_iPhone.storyboard */; };
		7D57474B19A4E78C001A1418 /* Main_iPad.storyboard in Resources */ = {isa = PBXBuildFile; fileRef = 7D57474919A4E78C001A1418 /* Main_iPad.storyboard */; };
		7D57474E19A4E78C001A1418 /* ZWViewController.m in Sources */ = {isa = PBXBuildFile; fileRef = 7D57474D19A4E78C001A1418 /* ZWViewController.m */; };
		7D57475019A4E78C001A1418 /* Images.xcassets in Resources */ = {isa = PBXBuildFile; fileRef = 7D57474F19A4E78C001A1418 /* Images.xcassets */; };
		7D57475719A4E78C001A1418 /* XCTest.framework in Frameworks */ = {isa = PBXBuildFile; fileRef = 7D57475619A4E78C001A1418 /* XCTest.framework */; };
		7D57475819A4E78C001A1418 /* Foundation.framework in Frameworks */ = {isa = PBXBuildFile; fileRef = 7D57473419A4E78C001A1418 /* Foundation.framework */; };
		7D57475919A4E78C001A1418 /* UIKit.framework in Frameworks */ = {isa = PBXBuildFile; fileRef = 7D57473819A4E78C001A1418 /* UIKit.framework */; };
		7D57476119A4E78C001A1418 /* InfoPlist.strings in Resources */ = {isa = PBXBuildFile; fileRef = 7D57475F19A4E78C001A1418 /* InfoPlist.strings */; };
		7D57476319A4E78C001A1418 /* cashierTests.m in Sources */ = {isa = PBXBuildFile; fileRef = 7D57476219A4E78C001A1418 /* cashierTests.m */; };
/* End PBXBuildFile section */

/* Begin PBXContainerItemProxy section */
		7D57475A19A4E78C001A1418 /* PBXContainerItemProxy */ = {
			isa = PBXContainerItemProxy;
			containerPortal = 7D57472919A4E78C001A1418 /* Project object */;
			proxyType = 1;
			remoteGlobalIDString = 7D57473019A4E78C001A1418;
			remoteInfo = cashier;
		};
/* End PBXContainerItemProxy section */

/* Begin PBXFileReference section */
		7D57473119A4E78C001A1418 /* cashier.app */ = {isa = PBXFileReference; explicitFileType = wrapper.application; includeInIndex = 0; path = cashier.app; sourceTree = BUILT_PRODUCTS_DIR; };
		7D57473419A4E78C001A1418 /* Foundation.framework */ = {isa = PBXFileReference; lastKnownFileType = wrapper.framework; name = Foundation.framework; path = System/Library/Frameworks/Foundation.framework; sourceTree = SDKROOT; };
		7D57473619A4E78C001A1418 /* CoreGraphics.framework */ = {isa = PBXFileReference; lastKnownFileType = wrapper.framework; name = CoreGraphics.framework; path = System/Library/Frameworks/CoreGraphics.framework; sourceTree = SDKROOT; };
		7D57473819A4E78C001A1418 /* UIKit.framework */ = {isa = PBXFileReference; lastKnownFileType = wrapper.framework; name = UIKit.framework; path = System/Library/Frameworks/UIKit.framework; sourceTree = SDKROOT; };
		7D57473C19A4E78C001A1418 /* cashier-Info.plist */ = {isa = PBXFileReference; lastKnownFileType = text.plist.xml; path = "cashier-Info.plist"; sourceTree = "<group>"; };
		7D57473E19A4E78C001A1418 /* en */ = {isa = PBXFileReference; lastKnownFileType = text.plist.strings; name = en; path = en.lproj/InfoPlist.strings; sourceTree = "<group>"; };
		7D57474019A4E78C001A1418 /* main.m */ = {isa = PBXFileReference; lastKnownFileType = sourcecode.c.objc; path = main.m; sourceTree = "<group>"; };
		7D57474219A4E78C001A1418 /* cashier-Prefix.pch */ = {isa = PBXFileReference; lastKnownFileType = sourcecode.c.h; path = "cashier-Prefix.pch"; sourceTree = "<group>"; };
		7D57474319A4E78C001A1418 /* ZWAppDelegate.h */ = {isa = PBXFileReference; lastKnownFileType = sourcecode.c.h; path = ZWAppDelegate.h; sourceTree = "<group>"; };
		7D57474419A4E78C001A1418 /* ZWAppDelegate.m */ = {isa = PBXFileReference; lastKnownFileType = sourcecode.c.objc; path = ZWAppDelegate.m; sourceTree = "<group>"; };
		7D57474719A4E78C001A1418 /* Base */ = {isa = PBXFileReference; lastKnownFileType = file.storyboard; name = Base; path = Base.lproj/Main_iPhone.storyboard; sourceTree = "<group>"; };
		7D57474A19A4E78C001A1418 /* Base */ = {isa = PBXFileReference; lastKnownFileType = file.storyboard; name = Base; path = Base.lproj/Main_iPad.storyboard; sourceTree = "<group>"; };
		7D57474C19A4E78C001A1418 /* ZWViewController.h */ = {isa = PBXFileReference; lastKnownFileType = sourcecode.c.h; path = ZWViewController.h; sourceTree = "<group>"; };
		7D57474D19A4E78C001A1418 /* ZWViewController.m */ = {isa = PBXFileReference; lastKnownFileType = sourcecode.c.objc; path = ZWViewController.m; sourceTree = "<group>"; };
		7D57474F19A4E78C001A1418 /* Images.xcassets */ = {isa = PBXFileReference; lastKnownFileType = folder.assetcatalog; path = Images.xcassets; sourceTree = "<group>"; };
		7D57475519A4E78C001A1418 /* cashierTests.xctest */ = {isa = PBXFileReference; explicitFileType = wrapper.cfbundle; includeInIndex = 0; path = cashierTests.xctest; sourceTree = BUILT_PRODUCTS_DIR; };
		7D57475619A4E78C001A1418 /* XCTest.framework */ = {isa = PBXFileReference; lastKnownFileType = wrapper.framework; name = XCTest.framework; path = Library/Frameworks/XCTest.framework; sourceTree = DEVELOPER_DIR; };
		7D57475E19A4E78C001A1418 /* cashierTests-Info.plist */ = {isa = PBXFileReference; lastKnownFileType = text.plist.xml; path = "cashierTests-Info.plist"; sourceTree = "<group>"; };
		7D57476019A4E78C001A1418 /* en */ = {isa = PBXFileReference; lastKnownFileType = text.plist.strings; name = en; path = en.lproj/InfoPlist.strings; sourceTree = "<group>"; };
		7D57476219A4E78C001A1418 /* cashierTests.m */ = {isa = PBXFileReference; lastKnownFileType = sourcecode.c.objc; path = cashierTests.m; sourceTree = "<group>"; };
/* End PBXFileReference section */

/* Begin PBXFrameworksBuildPhase section */
		7D57472E19A4E78C001A1418 /* Frameworks */ = {
			isa = PBXFrameworksBuildPhase;
			buildActionMask = 2147483647;
			files = (
				7D57473719A4E78C001A1418 /* CoreGraphics.framework in Frameworks */,
				7D57473919A4E78C001A1418 /* UIKit.framework in Frameworks */,
				7D57473519A4E78C001A1418 /* Foundation.framework in Frameworks */,
			);
			runOnlyForDeploymentPostprocessing = 0;
		};
		7D57475219A4E78C001A1418 /* Frameworks */ = {
			isa = PBXFrameworksBuildPhase;
			buildActionMask = 2147483647;
			files = (
				7D57475719A4E78C001A1418 /* XCTest.framework in Frameworks */,
				7D57475919A4E78C001A1418 /* UIKit.framework in Frameworks */,
				7D57475819A4E78C001A1418 /* Foundation.framework in Frameworks */,
			);
			runOnlyForDeploymentPostprocessing = 0;
		};
/* End PBXFrameworksBuildPhase section */

/* Begin PBXGroup section */
		7D57472819A4E78C001A1418 = {
			isa = PBXGroup;
			children = (
				7D57473A19A4E78C001A1418 /* cashier */,
				7D57475C19A4E78C001A1418 /* cashierTests */,
				7D57473319A4E78C001A1418 /* Frameworks */,
				7D57473219A4E78C001A1418 /* Products */,
			);
			sourceTree = "<group>";
		};
		7D57473219A4E78C001A1418 /* Products */ = {
			isa = PBXGroup;
			children = (
				7D57473119A4E78C001A1418 /* cashier.app */,
				7D57475519A4E78C001A1418 /* cashierTests.xctest */,
			);
			name = Products;
			sourceTree = "<group>";
		};
		7D57473319A4E78C001A1418 /* Frameworks */ = {
			isa = PBXGroup;
			children = (
				7D57473419A4E78C001A1418 /* Foundation.framework */,
				7D57473619A4E78C001A1418 /* CoreGraphics.framework */,
				7D57473819A4E78C001A1418 /* UIKit.framework */,
				7D57475619A4E78C001A1418 /* XCTest.framework */,
			);
			name = Frameworks;
			sourceTree = "<group>";
		};
		7D57473A19A4E78C001A1418 /* cashier */ = {
			isa = PBXGroup;
			children = (
				7D57474319A4E78C001A1418 /* ZWAppDelegate.h */,
				7D57474419A4E78C001A1418 /* ZWAppDelegate.m */,
				7D57474619A4E78C001A1418 /* Main_iPhone.storyboard */,
				7D57474919A4E78C001A1418 /* Main_iPad.storyboard */,
				7D57474C19A4E78C001A1418 /* ZWViewController.h */,
				7D57474D19A4E78C001A1418 /* ZWViewController.m */,
				7D57474F19A4E78C001A1418 /* Images.xcassets */,
				7D57473B19A4E78C001A1418 /* Supporting Files */,
			);
			path = cashier;
			sourceTree = "<group>";
		};
		7D57473B19A4E78C001A1418 /* Supporting Files */ = {
			isa = PBXGroup;
			children = (
				7D57473C19A4E78C001A1418 /* cashier-Info.plist */,
				7D57473D19A4E78C001A1418 /* InfoPlist.strings */,
				7D57474019A4E78C001A1418 /* main.m */,
				7D57474219A4E78C001A1418 /* cashier-Prefix.pch */,
			);
			name = "Supporting Files";
			sourceTree = "<group>";
		};
		7D57475C19A4E78C001A1418 /* cashierTests */ = {
			isa = PBXGroup;
			children = (
				7D57476219A4E78C001A1418 /* cashierTests.m */,
				7D57475D19A4E78C001A1418 /* Supporting Files */,
			);
			path = cashierTests;
			sourceTree = "<group>";
		};
		7D57475D19A4E78C001A1418 /* Supporting Files */ = {
			isa = PBXGroup;
			children = (
				7D57475E19A4E78C001A1418 /* cashierTests-Info.plist */,
				7D57475F19A4E78C001A1418 /* InfoPlist.strings */,
			);
			name = "Supporting Files";
			sourceTree = "<group>";
		};
/* End PBXGroup section */

/* Begin PBXNativeTarget section */
		7D57473019A4E78C001A1418 /* cashier */ = {
			isa = PBXNativeTarget;
			buildConfigurationList = 7D57476619A4E78C001A1418 /* Build configuration list for PBXNativeTarget "cashier" */;
			buildPhases = (
				7D57472D19A4E78C001A1418 /* Sources */,
				7D57472E19A4E78C001A1418 /* Frameworks */,
				7D57472F19A4E78C001A1418 /* Resources */,
			);
			buildRules = (
			);
			dependencies = (
			);
			name = cashier;
			productName = cashier;
			productReference = 7D57473119A4E78C001A1418 /* cashier.app */;
			productType = "com.apple.product-type.application";
		};
		7D57475419A4E78C001A1418 /* cashierTests */ = {
			isa = PBXNativeTarget;
			buildConfigurationList = 7D57476919A4E78C001A1418 /* Build configuration list for PBXNativeTarget "cashierTests" */;
			buildPhases = (
				7D57475119A4E78C001A1418 /* Sources */,
				7D57475219A4E78C001A1418 /* Frameworks */,
				7D57475319A4E78C001A1418 /* Resources */,
			);
			buildRules = (
			);
			dependencies = (
				7D57475B19A4E78C001A1418 /* PBXTargetDependency */,
			);
			name = cashierTests;
			productName = cashierTests;
			productReference = 7D57475519A4E78C001A1418 /* cashierTests.xctest */;
			productType = "com.apple.product-type.bundle.unit-test";
		};
/* End PBXNativeTarget section */

/* Begin PBXProject section */
		7D57472919A4E78C001A1418 /* Project object */ = {
			isa = PBXProject;
			attributes = {
				CLASSPREFIX = ZW;
				LastUpgradeCheck = 0510;
				ORGANIZATIONNAME = zw;
				TargetAttributes = {
					7D57475419A4E78C001A1418 = {
						TestTargetID = 7D57473019A4E78C001A1418;
					};
				};
			};
			buildConfigurationList = 7D57472C19A4E78C001A1418 /* Build configuration list for PBXProject "cashier" */;
			compatibilityVersion = "Xcode 3.2";
			developmentRegion = English;
			hasScannedForEncodings = 0;
			knownRegions = (
				en,
				Base,
			);
			mainGroup = 7D57472819A4E78C001A1418;
			productRefGroup = 7D57473219A4E78C001A1418 /* Products */;
			projectDirPath = "";
			projectRoot = "";
			targets = (
				7D57473019A4E78C001A1418 /* cashier */,
				7D57475419A4E78C001A1418 /* cashierTests */,
			);
		};
/* End PBXProject section */

/* Begin PBXResourcesBuildPhase section */
		7D57472F19A4E78C001A1418 /* Resources */ = {
			isa = PBXResourcesBuildPhase;
			buildActionMask = 2147483647;
			files = (
				7D57474B19A4E78C001A1418 /* Main_iPad.storyboard in Resources */,
				7D57475019A4E78C001A1418 /* Images.xcassets in Resources */,
				7D57474819A4E78C001A1418 /* Main_iPhone.storyboard in Resources */,
				7D57473F19A4E78C001A1418 /* InfoPlist.strings in Resources */,
			);
			runOnlyForDeploymentPostprocessing = 0;
		};
		7D57475319A4E78C001A1418 /* Resources */ = {
			isa = PBXResourcesBuildPhase;
			buildActionMask = 2147483647;
			files = (
				7D57476119A4E78C001A1418 /* InfoPlist.strings in Resources */,
			);
			runOnlyForDeploymentPostprocessing = 0;
		};
/* End PBXResourcesBuildPhase section */

/* Begin PBXSourcesBuildPhase section */
		7D57472D19A4E78C001A1418 /* Sources */ = {
			isa = PBXSourcesBuildPhase;
			buildActionMask = 2147483647;
			files = (
				7D57474119A4E78C001A1418 /* main.m in Sources */,
				7D57474519A4E78C001A1418 /* ZWAppDelegate.m in Sources */,
				7D57474E19A4E78C001A1418 /* ZWViewController.m in Sources */,
			);
			runOnlyForDeploymentPostprocessing = 0;
		};
		7D57475119A4E78C001A1418 /* Sources */ = {
			isa = PBXSourcesBuildPhase;
			buildActionMask = 2147483647;
			files = (
				7D57476319A4E78C001A1418 /* cashierTests.m in Sources */,
			);
			runOnlyForDeploymentPostprocessing = 0;
		};
/* End PBXSourcesBuildPhase section */

/* Begin PBXTargetDependency section */
		7D57475B19A4E78C001A1418 /* PBXTargetDependency */ = {
			isa = PBXTargetDependency;
			target = 7D57473019A4E78C001A1418 /* cashier */;
			targetProxy = 7D57475A19A4E78C001A1418 /* PBXContainerItemProxy */;
		};
/* End PBXTargetDependency section */

/* Begin PBXVariantGroup section */
		7D57473D19A4E78C001A1418 /* InfoPlist.strings */ = {
			isa = PBXVariantGroup;
			children = (
				7D57473E19A4E78C001A1418 /* en */,
			);
			name = InfoPlist.strings;
			sourceTree = "<group>";
		};
		7D57474619A4E78C001A1418 /* Main_iPhone.storyboard */ = {
			isa = PBXVariantGroup;
			children = (
				7D57474719A4E78C001A1418 /* Base */,
			);
			name = Main_iPhone.storyboard;
			sourceTree = "<group>";
		};
		7D57474919A4E78C001A1418 /* Main_iPad.storyboard */ = {
			isa = PBXVariantGroup;
			children = (
				7D57474A19A4E78C001A1418 /* Base */,
			);
			name = Main_iPad.storyboard;
			sourceTree = "<group>";
		};
		7D57475F19A4E78C001A1418 /* InfoPlist.strings */ = {
			isa = PBXVariantGroup;
			children = (
				7D57476019A4E78C001A1418 /* en */,
			);
			name = InfoPlist.strings;
			sourceTree = "<group>";
		};
/* End PBXVariantGroup section */

/* Begin XCBuildConfiguration section */
		7D57476419A4E78C001A1418 /* Debug */ = {
			isa = XCBuildConfiguration;
			buildSettings = {
				ALWAYS_SEARCH_USER_PATHS = NO;
				CLANG_CXX_LANGUAGE_STANDARD = "gnu++0x";
				CLANG_CXX_LIBRARY = "libc++";
				CLANG_ENABLE_MODULES = YES;
				CLANG_ENABLE_OBJC_ARC = YES;
				CLANG_WARN_BOOL_CONVERSION = YES;
				CLANG_WARN_CONSTANT_CONVERSION = YES;
				CLANG_WARN_DIRECT_OBJC_ISA_USAGE = YES_ERROR;
				CLANG_WARN_EMPTY_BODY = YES;
				CLANG_WARN_ENUM_CONVERSION = YES;
				CLANG_WARN_INT_CONVERSION = YES;
				CLANG_WARN_OBJC_ROOT_CLASS = YES_ERROR;
				CLANG_WARN__DUPLICATE_METHOD_MATCH = YES;
				"CODE_SIGN_IDENTITY[sdk=iphoneos*]" = "iPhone Developer";
				COPY_PHASE_STRIP = NO;
				GCC_C_LANGUAGE_STANDARD = gnu99;
				GCC_DYNAMIC_NO_PIC = NO;
				GCC_OPTIMIZATION_LEVEL = 0;
				GCC_PREPROCESSOR_DEFINITIONS = (
					"DEBUG=1",
					"$(inherited)",
				);
				GCC_SYMBOLS_PRIVATE_EXTERN = NO;
				GCC_WARN_64_TO_32_BIT_CONVERSION = YES;
				GCC_WARN_ABOUT_RETURN_TYPE = YES_ERROR;
				GCC_WARN_UNDECLARED_SELECTOR = YES;
				GCC_WARN_UNINITIALIZED_AUTOS = YES_AGGRESSIVE;
				GCC_WARN_UNUSED_FUNCTION = YES;
				GCC_WARN_UNUSED_VARIABLE = YES;
				IPHONEOS_DEPLOYMENT_TARGET = 7.1;
				ONLY_ACTIVE_ARCH = YES;
				SDKROOT = iphoneos;
				TARGETED_DEVICE_FAMILY = "1,2";
			};
			name = Debug;
		};
		7D57476519A4E78C001A1418 /* Release */ = {
			isa = XCBuildConfiguration;
			buildSettings = {
				ALWAYS_SEARCH_USER_PATHS = NO;
				CLANG_CXX_LANGUAGE_STANDARD = "gnu++0x";
				CLANG_CXX_LIBRARY = "libc++";
				CLANG_ENABLE_MODULES = YES;
				CLANG_ENABLE_OBJC_ARC = YES;
				CLANG_WARN_BOOL_CONVERSION = YES;
				CLANG_WARN_CONSTANT_CONVERSION = YES;
				CLANG_WARN_DIRECT_OBJC_ISA_USAGE = YES_ERROR;
				CLANG_WARN_EMPTY_BODY = YES;
				CLANG_WARN_ENUM_CONVERSION = YES;
				CLANG_WARN_INT_CONVERSION = YES;
				CLANG_WARN_OBJC_ROOT_CLASS = YES_ERROR;
				CLANG_WARN__DUPLICATE_METHOD_MATCH = YES;
				"CODE_SIGN_IDENTITY[sdk=iphoneos*]" = "iPhone Developer";
				COPY_PHASE_STRIP = YES;
				ENABLE_NS_ASSERTIONS = NO;
				GCC_C_LANGUAGE_STANDARD = gnu99;
				GCC_WARN_64_TO_32_BIT_CONVERSION = YES;
				GCC_WARN_ABOUT_RETURN_TYPE = YES_ERROR;
				GCC_WARN_UNDECLARED_SELECTOR = YES;
				GCC_WARN_UNINITIALIZED_AUTOS = YES_AGGRESSIVE;
				GCC_WARN_UNUSED_FUNCTION = YES;
				GCC_WARN_UNUSED_VARIABLE = YES;
				IPHONEOS_DEPLOYMENT_TARGET = 7.1;
				SDKROOT = iphoneos;
				TARGETED_DEVICE_FAMILY = "1,2";
				VALIDATE_PRODUCT = YES;
			};
			name = Release;
		};
		7D57476719A4E78C001A1418 /* Debug */ = {
			isa = XCBuildConfiguration;
			buildSettings = {
				ASSETCATALOG_COMPILER_APPICON_NAME = AppIcon;
				ASSETCATALOG_COMPILER_LAUNCHIMAGE_NAME = LaunchImage;
				GCC_PRECOMPILE_PREFIX_HEADER = YES;
				GCC_PREFIX_HEADER = "cashier/cashier-Prefix.pch";
				INFOPLIST_FILE = "cashier/cashier-Info.plist";
				PRODUCT_NAME = "$(TARGET_NAME)";
				WRAPPER_EXTENSION = app;
			};
			name = Debug;
		};
		7D57476819A4E78C001A1418 /* Release */ = {
			isa = XCBuildConfiguration;
			buildSettings = {
				ASSETCATALOG_COMPILER_APPICON_NAME = AppIcon;
				ASSETCATALOG_COMPILER_LAUNCHIMAGE_NAME = LaunchImage;
				GCC_PRECOMPILE_PREFIX_HEADER = YES;
				GCC_PREFIX_HEADER = "cashier/cashier-Prefix.pch";
				INFOPLIST_FILE = "cashier/cashier-Info.plist";
				PRODUCT_NAME = "$(TARGET_NAME)";
				WRAPPER_EXTENSION = app;
			};
			name = Release;
		};
		7D57476A19A4E78C001A1418 /* Debug */ = {
			isa = XCBuildConfiguration;
			buildSettings = {
				BUNDLE_LOADER = "$(BUILT_PRODUCTS_DIR)/cashier.app/cashier";
				FRAMEWORK_SEARCH_PATHS = (
					"$(SDKROOT)/Developer/Library/Frameworks",
					"$(inherited)",
					"$(DEVELOPER_FRAMEWORKS_DIR)",
				);
				GCC_PRECOMPILE_PREFIX_HEADER = YES;
				GCC_PREFIX_HEADER = "cashier/cashier-Prefix.pch";
				GCC_PREPROCESSOR_DEFINITIONS = (
					"DEBUG=1",
					"$(inherited)",
				);
				INFOPLIST_FILE = "cashierTests/cashierTests-Info.plist";
				PRODUCT_NAME = "$(TARGET_NAME)";
				TEST_HOST = "$(BUNDLE_LOADER)";
				WRAPPER_EXTENSION = xctest;
			};
			name = Debug;
		};
		7D57476B19A4E78C001A1418 /* Release */ = {
			isa = XCBuildConfiguration;
			buildSettings = {
				BUNDLE_LOADER = "$(BUILT_PRODUCTS_DIR)/cashier.app/cashier";
				FRAMEWORK_SEARCH_PATHS = (
					"$(SDKROOT)/Developer/Library/Frameworks",
					"$(inherited)",
					"$(DEVELOPER_FRAMEWORKS_DIR)",
				);
				GCC_PRECOMPILE_PREFIX_HEADER = YES;
				GCC_PREFIX_HEADER = "cashier/cashier-Prefix.pch";
				INFOPLIST_FILE = "cashierTests/cashierTests-Info.plist";
				PRODUCT_NAME = "$(TARGET_NAME)";
				TEST_HOST = "$(BUNDLE_LOADER)";
				WRAPPER_EXTENSION = xctest;
			};
			name = Release;
		};
/* End XCBuildConfiguration section */

/* Begin XCConfigurationList section */
		7D57472C19A4E78C001A1418 /* Build configuration list for PBXProject "cashier" */ = {
			isa = XCConfigurationList;
			buildConfigurations = (
				7D57476419A4E78C001A1418 /* Debug */,
				7D57476519A4E78C001A1418 /* Release */,
			);
			defaultConfigurationIsVisible = 0;
			defaultConfigurationName = Release;
		};
		7D57476619A4E78C001A1418 /* Build configuration list for PBXNativeTarget "cashier" */ = {
			isa = XCConfigurationList;
			buildConfigurations = (
				7D57476719A4E78C001A1418 /* Debug */,
				7D57476819A4E78C001A1418 /* Release */,
			);
			defaultConfigurationIsVisible = 0;
		};
		7D57476919A4E78C001A1418 /* Build configuration list for PBXNativeTarget "cashierTests" */ = {
			isa = XCConfigurationList;
			buildConfigurations = (
				7D57476A19A4E78C001A1418 /* Debug */,
				7D57476B19A4E78C001A1418 /* Release */,
			);
			defaultConfigurationIsVisible = 0;
		};
/* End XCConfigurationList section */
	};
	rootObject = 7D57472919A4E78C001A1418 /* Project object */;
}
